
Microsoft Visual Studio Solution File, Format Version 12.00
# Visual Studio 15
VisualStudioVersion = 15.0.28307.136
MinimumVisualStudioVersion = 10.0.40219.1
Project("{FAE04EC0-301F-11D3-BF4B-00C04F79EFBC}") = "exercise.web", "exercise.web\exercise.web.csproj", "{AF857C21-66B3-47A7-9B26-B4D797CF2F12}"
EndProject
Global
	GlobalSection(SolutionConfigurationPlatforms) = preSolution
		Debug|Any CPU = Debug|Any CPU
		Release|Any CPU = Release|Any CPU
	EndGlobalSection
	GlobalSection(ProjectConfigurationPlatforms) = postSolution
		{AF857C21-66B3-47A7-9B26-B4D797CF2F12}.Debug|Any CPU.ActiveCfg = Debug|Any CPU
		{AF857C21-66B3-47A7-9B26-B4D797CF2F12}.Debug|Any CPU.Build.0 = Debug|Any CPU
		{AF857C21-66B3-47A7-9B26-B4D797CF2F12}.Release|Any CPU.ActiveCfg = Release|Any CPU
		{AF857C21-66B3-47A7-9B26-B4D797CF2F12}.Release|Any CPU.Build.0 = Release|Any CPU
	EndGlobalSection
	GlobalSection(SolutionProperties) = preSolution
		HideSolutionNode = FALSE
	EndGlobalSection
	GlobalSection(ExtensibilityGlobals) = postSolution
		SolutionGuid = {4D7B1286-A170-4A68-BE94-0DF7F6D70E61}
	EndGlobalSection
EndGlobal
